
Microsoft Visual Studio Solution File, Format Version 12.00
# Visual Studio Version 17
VisualStudioVersion = 17.9.34728.123
MinimumVisualStudioVersion = 10.0.40219.1
Project("{FAE04EC0-301F-11D3-BF4B-00C04F79EFBC}") = "DemoERP", "DemoERP\DemoERP.csproj", "{051354BA-863E-4FD3-9DF5-00D806C2ADA8}"
EndProject
Global
	GlobalSection(SolutionConfigurationPlatforms) = preSolution
		Debug|Any CPU = Debug|Any CPU
		Release|Any CPU = Release|Any CPU
	EndGlobalSection
	GlobalSection(ProjectConfigurationPlatforms) = postSolution
		{051354BA-863E-4FD3-9DF5-00D806C2ADA8}.Debug|Any CPU.ActiveCfg = Debug|Any CPU
		{051354BA-863E-4FD3-9DF5-00D806C2ADA8}.Debug|Any CPU.Build.0 = Debug|Any CPU
		{051354BA-863E-4FD3-9DF5-00D806C2ADA8}.Release|Any CPU.ActiveCfg = Release|Any CPU
		{051354BA-863E-4FD3-9DF5-00D806C2ADA8}.Release|Any CPU.Build.0 = Release|Any CPU
	EndGlobalSection
	GlobalSection(SolutionProperties) = preSolution
		HideSolutionNode = FALSE
	EndGlobalSection
	GlobalSection(ExtensibilityGlobals) = postSolution
		SolutionGuid = {58CBA250-B102-46C9-97D8-9102FBE85B04}
	EndGlobalSection
EndGlobal
